hash: 6961c90043c69b027ff52a65a831da3f571c6139c33047f52dea8fb4c7c8328f
updated: 2016-10-15T14:37:58.473265278+08:00
imports:
- name: bitbucket.org/ww/goautoneg
  version: ""
- name: github.com/beorn7/perks
  version: ""
  subpackages:
  - quantile
- name: github.com/boltdb/bolt
  version: 9481b6299989620a385bc365109c94ec6df8d1ad
- name: github.com/BurntSushi/toml
  version: 9481b6299989620a385bc365109c94ec6df8d1ad
- name: github.com/cloudfoundry-incubator/candiedyaml
  version: 9481b6299989620a385bc365109c94ec6df8d1ad
- name: github.com/coreos/etcd
  version: ""
  subpackages:
  - clientv3
  - integration
  - auth/authpb
  - etcdserver/api/v3rpc/rpctypes
  - etcdserver/etcdserverpb
  - mvcc/mvccpb
  - pkg/tlsutil
  - client
  - etcdserver
  - etcdserver/api
  - etcdserver/api/v2http
  - etcdserver/api/v3rpc
  - pkg/testutil
  - pkg/transport
  - pkg/types
  - proxy/grpcproxy
  - rafthttp
  - pkg/pathutil
  - alarm
  - auth
  - compactor
  - discovery
  - etcdserver/api/v2http/httptypes
  - etcdserver/membership
  - etcdserver/stats
  - lease
  - lease/leasehttp
  - lease/leasepb
  - mvcc
  - mvcc/backend
  - pkg/contention
  - pkg/fileutil
  - pkg/httputil
  - pkg/idutil
  - pkg/netutil
  - pkg/pbutil
  - pkg/runtime
  - pkg/schedule
  - pkg/wait
  - raft
  - raft/raftpb
  - snap
  - store
  - version
  - wal
  - wal/walpb
  - error
  - etcdserver/auth
  - pkg/logutil
  - proxy/grpcproxy/cache
  - pkg/ioutil
  - pkg/adt
  - snap/snappb
  - pkg/crc
- name: github.com/coreos/go-semver
  version: ""
  subpackages:
  - semver
- name: github.com/coreos/go-systemd
  version: ""
  subpackages:
  - daemon
  - journal
  - util
- name: github.com/coreos/pkg
  version: ""
  subpackages:
  - capnslog
- name: github.com/ghodss/yaml
  version: ""
- name: github.com/go-sql-driver/mysql
  version: 9481b6299989620a385bc365109c94ec6df8d1ad
- name: github.com/gogo/protobuf
  version: ""
  subpackages:
  - proto
- name: github.com/golang/groupcache
  version: ""
  subpackages:
  - lru
- name: github.com/golang/protobuf
  version: ""
  subpackages:
  - proto
  - jsonpb
- name: github.com/golang/snappy
  version: ""
- name: github.com/google/btree
  version: ""
- name: github.com/grpc-ecosystem/grpc-gateway
  version: ""
  subpackages:
  - runtime
  - utilities
  - runtime/internal
- name: github.com/jonboulle/clockwork
  version: ""
- name: github.com/juju/errors
  version: ""
- name: github.com/matttproud/golang_protobuf_extensions
  version: ""
  subpackages:
  - pbutil
- name: github.com/ngaut/deadline
  version: ""
- name: github.com/ngaut/log
  version: 9481b6299989620a385bc365109c94ec6df8d1ad
- name: github.com/ngaut/pools
  version: ""
- name: github.com/ngaut/sync2
  version: ""
- name: github.com/petar/GoLLRB
  version: ""
  subpackages:
  - llrb
- name: github.com/pingcap/goleveldb
  version: ""
  subpackages:
  - leveldb
  - leveldb/cache
  - leveldb/comparer
  - leveldb/errors
  - leveldb/filter
  - leveldb/iterator
  - leveldb/journal
  - leveldb/memdb
  - leveldb/opt
  - leveldb/storage
  - leveldb/table
  - leveldb/util
- name: github.com/pingcap/kvproto
  version: ""
  subpackages:
  - pkg/coprocessor
  - pkg/errorpb
  - pkg/kvrpcpb
  - pkg/metapb
  - pkg/msgpb
  - pkg/util
  - pkg/pdpb
  - pkg/raft_cmdpb
  - pkg/raft_serverpb
  - pkg/eraftpb
- name: github.com/pingcap/pd
  version: ""
  subpackages:
  - pd-client
  - pkg/apiutil
  - pkg/metrics
  - pkg/rpcutil
- name: github.com/pingcap/tidb
  version: 9481b6299989620a385bc365109c94ec6df8d1ad
  subpackages:
  - store/tikv
  - util/codec
  - ddl
  - infoschema
  - kv
  - meta
  - model
  - mysql
  - terror
  - ast
  - parser
  - util/types
  - tablecodec
  - sessionctx/binloginfo
  - store/tikv/mock-tikv
  - store/tikv/oracle
  - store/tikv/oracle/oracles
  - context
  - domain
  - executor
  - perfschema
  - privilege
  - privilege/privileges
  - sessionctx
  - sessionctx/autocommit
  - sessionctx/db
  - sessionctx/forupdate
  - sessionctx/variable
  - store/localstore
  - store/localstore/engine
  - store/localstore/goleveldb
  - util
  - evaluator
  - inspectkv
  - meta/autoid
  - table
  - table/tables
  - util/charset
  - plan/statistics
  - structure
  - parser/opcode
  - util/distinct
  - util/hack
  - distsql
  - distsql/xeval
  - expression
  - plan
  - util/sqlexec
  - util/bytes
  - util/segmentmap
  - util/stringutil
- name: github.com/pingcap/tipb
  version: ""
  subpackages:
  - go-binlog
  - go-tipb
- name: github.com/prometheus/client_golang
  version: ""
  subpackages:
  - prometheus
  - prometheus/push
- name: github.com/prometheus/client_model
  version: ""
  subpackages:
  - go
- name: github.com/prometheus/common
  version: ""
  subpackages:
  - expfmt
  - model
  - internal/bitbucket.org/ww/goautoneg
- name: github.com/prometheus/procfs
  version: ""
- name: github.com/siddontang/go
  version: 9481b6299989620a385bc365109c94ec6df8d1ad
  subpackages:
  - ioutil2
  - sync2
- name: github.com/twinj/uuid
  version: ""
- name: github.com/ugorji/go
  version: ""
  subpackages:
  - codec
- name: github.com/xiang90/probing
  version: ""
- name: golang.org/x/crypto
  version: ""
  subpackages:
  - bcrypt
  - blowfish
- name: golang.org/x/net
  version: ""
  subpackages:
  - context
  - lex/httplex
  - http2
  - trace
  - http2/hpack
  - internal/timeseries
- name: golang.org/x/sys
  version: ""
  subpackages:
  - unix
- name: golang.org/x/text
  version: ""
  subpackages:
  - encoding
  - encoding/charmap
  - encoding/internal
  - encoding/internal/identifier
  - encoding/japanese
  - encoding/korean
  - encoding/simplifiedchinese
  - encoding/traditionalchinese
  - encoding/unicode
  - transform
  - internal/utf8internal
  - runes
- name: google.golang.org/grpc
  version: ""
  subpackages:
  - codes
  - credentials
  - grpclog
  - internal
  - metadata
  - naming
  - transport
  - peer
testImports:
- name: github.com/pingcap/check
  version: 9481b6299989620a385bc365109c94ec6df8d1ad
