hash: 831941a3f02466144e472f6b15e02a239083006142679dd73951deb01d0773b5
updated: 2016-10-13T19:14:08.955072609+08:00
imports:
- name: github.com/beorn7/perks
  version: 3ac7bf7a47d159a033b107610db8a1b6575507a4
  subpackages:
  - quantile
- name: github.com/boltdb/bolt
  version: d97499360d1ecebc492ea66c7447ea948f417620
- name: github.com/BurntSushi/toml
  version: 99064174e013895bbd9b025c31100bd1d9b590ca
- name: github.com/cloudfoundry-incubator/candiedyaml
  version: 99c3df83b51532e3615f851d8c2dbb638f5313bf
- name: github.com/cockroachdb/c-jemalloc
  version: 42e6a32cd7a4dff9c70d80323681d46d046181ef
- name: github.com/cockroachdb/c-lz4
  version: 834d3303c9e84b1045bc57c3eb3723ee8cb4d33b
- name: github.com/cockroachdb/c-rocksdb
  version: 894d369c4ea259b65f75563feeb06bea322a8450
- name: github.com/cockroachdb/c-snappy
  version: d4e7b428fe7fc09e93573df3448567a62df8c9fa
- name: github.com/coreos/etcd
  version: e53b99588a05d1f4ef172c178d4ed8e8106b8be4
  subpackages:
  - clientv3
  - integration
  - auth/authpb
  - etcdserver/api/v3rpc/rpctypes
  - etcdserver/etcdserverpb
  - mvcc/mvccpb
  - pkg/tlsutil
  - client
  - etcdserver
  - etcdserver/api
  - etcdserver/api/v2http
  - etcdserver/api/v3rpc
  - pkg/testutil
  - pkg/transport
  - pkg/types
  - proxy/grpcproxy
  - rafthttp
  - pkg/pathutil
  - alarm
  - auth
  - compactor
  - discovery
  - etcdserver/api/v2http/httptypes
  - etcdserver/membership
  - etcdserver/stats
  - lease
  - lease/leasehttp
  - mvcc
  - mvcc/backend
  - pkg/contention
  - pkg/fileutil
  - pkg/httputil
  - pkg/idutil
  - pkg/netutil
  - pkg/pbutil
  - pkg/runtime
  - pkg/schedule
  - pkg/wait
  - raft
  - raft/raftpb
  - snap
  - store
  - version
  - wal
  - wal/walpb
  - error
  - etcdserver/auth
  - pkg/logutil
  - proxy/grpcproxy/cache
  - pkg/ioutil
  - lease/leasepb
  - pkg/adt
  - snap/snappb
  - pkg/crc
- name: github.com/coreos/go-semver
  version: 568e959cd89871e61434c1143528d9162da89ef2
  subpackages:
  - semver
- name: github.com/coreos/go-systemd
  version: bfdc81d0d7e0fb19447b08571f63b774495251ce
  subpackages:
  - daemon
  - journal
  - util
- name: github.com/coreos/pkg
  version: fa29b1d70f0beaddd4c7021607cc3c3be8ce94b8
  subpackages:
  - capnslog
- name: github.com/ghodss/yaml
  version: aa0c862057666179de291b67d9f093d12b5a8473
- name: github.com/go-sql-driver/mysql
  version: 0b58b37b664c21f3010e836f1b931e1d0b0b0685
- name: github.com/gogo/protobuf
  version: 909568be09de550ed094403c2bf8a261b5bb730a
  subpackages:
  - proto
- name: github.com/golang/groupcache
  version: 02826c3e79038b59d737d3b1c0a1d937f71a4433
  subpackages:
  - lru
- name: github.com/golang/protobuf
  version: 874264fbbb43f4d91e999fecb4b40143ed611400
  subpackages:
  - proto
  - jsonpb
- name: github.com/golang/snappy
  version: 723cc1e459b8eea2dea4583200fd60757d40097a
- name: github.com/google/btree
  version: 7364763242911ab6d418d2722e237194938ebad0
- name: github.com/grpc-ecosystem/grpc-gateway
  version: c8ec92d0481dd77d9b8c1808eb6476d190aa039a
  subpackages:
  - runtime
  - utilities
  - runtime/internal
- name: github.com/jonboulle/clockwork
  version: 2eee05ed794112d45db504eb05aa693efd2b8b09
- name: github.com/juju/errors
  version: 6f54ff6318409d31ff16261533ce2c8381a4fd5d
- name: github.com/matttproud/golang_protobuf_extensions
  version: c12348ce28de40eed0136aa2b644d0ee0650e56c
  subpackages:
  - pbutil
- name: github.com/ngaut/deadline
  version: fae8f9dfd7048de16575b9d4c255278e38c28a4f
- name: github.com/ngaut/log
  version: cec23d3e10b016363780d894a0eb732a12c06e02
- name: github.com/ngaut/pools
  version: 6352e005618615ffaf1cb1c6622b8e91435751fe
- name: github.com/ngaut/sync2
  version: 7a24ed77b2efb460c1468b7dc917821c66e80e55
- name: github.com/petar/GoLLRB
  version: 53be0d36a84c2a886ca057d34b6aa4468df9ccb4
  subpackages:
  - llrb
- name: github.com/pingcap/goleveldb
  version: 158edde5a354460121af007d02a00b01c8d03443
  subpackages:
  - leveldb
  - leveldb/cache
  - leveldb/comparer
  - leveldb/errors
  - leveldb/filter
  - leveldb/iterator
  - leveldb/journal
  - leveldb/memdb
  - leveldb/opt
  - leveldb/storage
  - leveldb/table
  - leveldb/util
- name: github.com/pingcap/kvproto
  version: b67cb2eae50058de05fb22c5c0118571c8f98404
  subpackages:
  - pkg/coprocessor
  - pkg/errorpb
  - pkg/kvrpcpb
  - pkg/metapb
  - pkg/msgpb
  - pkg/util
  - pkg/pdpb
  - pkg/raft_cmdpb
  - pkg/raft_serverpb
  - pkg/eraftpb
- name: github.com/pingcap/pd
  version: 7f4d00f58c3b517e4c9526874b9e3818a2c2d0a3
  subpackages:
  - pd-client
  - pkg/apiutil
  - pkg/metrics
  - pkg/rpcutil
- name: github.com/pingcap/tidb
  version: deeaf077d783c32aba41fde8200792f002962951
  subpackages:
  - store/tikv
  - ddl
  - infoschema
  - kv
  - meta
  - model
  - mysql
  - terror
  - ast
  - parser
  - util/codec
  - util/types
  - tablecodec
  - context
  - domain
  - executor
  - perfschema
  - privilege
  - privilege/privileges
  - sessionctx
  - sessionctx/autocommit
  - sessionctx/binloginfo
  - sessionctx/db
  - sessionctx/forupdate
  - sessionctx/variable
  - store/localstore
  - store/localstore/engine
  - store/localstore/goleveldb
  - util
  - store/tikv/mock-tikv
  - store/tikv/oracle
  - store/tikv/oracle/oracles
  - evaluator
  - inspectkv
  - meta/autoid
  - table
  - table/tables
  - util/charset
  - plan/statistics
  - structure
  - parser/opcode
  - util/distinct
  - util/hack
  - distsql
  - expression
  - plan
  - util/sqlexec
  - distsql/xeval
  - util/bytes
  - util/segmentmap
  - util/stringutil
- name: github.com/pingcap/tipb
  version: 38084aeaf922fb5d41284865d64b2113f3ae5f1c
  subpackages:
  - go-binlog
  - go-tipb
- name: github.com/prometheus/client_golang
  version: c5b7fccd204277076155f10851dad72b76a49317
  subpackages:
  - prometheus
  - prometheus/push
- name: github.com/prometheus/client_model
  version: fa8ad6fec33561be4280a8f0514318c79d7f6cb6
  subpackages:
  - go
- name: github.com/prometheus/common
  version: 4402f4e5ea79ec15f3c574773b6a5198fbea215f
  subpackages:
  - expfmt
  - model
  - internal/bitbucket.org/ww/goautoneg
- name: github.com/prometheus/procfs
  version: abf152e5f3e97f2fafac028d2cc06c1feb87ffa5
- name: github.com/siddontang/go
  version: 1e9ce2a5ac4092fdf61e293634e40bfb49595105
  subpackages:
  - ioutil2
  - sync2
- name: github.com/tecbot/gorocksdb
  version: c5961f0da43124b8eca4efc325d723b6ca319e91
- name: github.com/twinj/uuid
  version: 89173bcdda19db0eb88aef1e1cb1cb2505561d31
- name: github.com/ugorji/go
  version: f1f1a805ed361a0e078bb537e4ea78cd37dcf065
  subpackages:
  - codec
- name: github.com/xiang90/probing
  version: 07dd2e8dfe18522e9c447ba95f2fe95262f63bb2
- name: golang.org/x/crypto
  version: 1351f936d976c60a0a48d728281922cf63eafb8d
  subpackages:
  - bcrypt
  - blowfish
- name: golang.org/x/net
  version: e90d6d0afc4c315a0d87a568ae68577cc15149a0
  subpackages:
  - context
  - lex/httplex
  - http2
  - trace
  - http2/hpack
  - internal/timeseries
- name: golang.org/x/sys
  version: 8d1157a435470616f975ff9bb013bea8d0962067
  subpackages:
  - unix
- name: golang.org/x/text
  version: 723492b65e225eafcba054e76ba18bb9c5ac1ea2
  subpackages:
  - encoding
  - encoding/charmap
  - encoding/internal
  - encoding/internal/identifier
  - encoding/japanese
  - encoding/korean
  - encoding/simplifiedchinese
  - encoding/traditionalchinese
  - encoding/unicode
  - transform
- name: google.golang.org/grpc
  version: 231b4cfea0e79843053a33f5fe90bd4d84b23cd3
  subpackages:
  - codes
  - credentials
  - grpclog
  - internal
  - metadata
  - naming
  - transport
  - peer
testImports:
- name: github.com/pingcap/check
  version: ce8a2f822ab1e245a4eefcef2996531c79c943f1
