hash: fb362d1504056f568e32cfada016c642ab0c14af8027dd8acdf09e4b15dc9101
updated: 2018-01-02T15:50:48.159815+08:00
imports:
- name: github.com/apache/thrift
  version: b2a4d4ae21c789b689dd162deb819665567f481c
  subpackages:
  - lib/go/thrift
- name: github.com/beorn7/perks
  version: 3ac7bf7a47d159a033b107610db8a1b6575507a4
  subpackages:
  - quantile
- name: github.com/boltdb/bolt
  version: acc803f0ced151102ed51bf824f8709ebd6602bc
- name: github.com/BurntSushi/toml
  version: 99064174e013895bbd9b025c31100bd1d9b590ca
- name: github.com/cloudfoundry-incubator/candiedyaml
  version: 99c3df83b51532e3615f851d8c2dbb638f5313bf
- name: github.com/codahale/hdrhistogram
  version: f8ad88b59a584afeee9d334eff879b104439117b
- name: github.com/coreos/etcd
  version: ea5f6dab6b1d07e22cf46bf5f5088d567548c124
  subpackages:
  - alarm
  - auth
  - auth/authpb
  - client
  - clientv3
  - clientv3/concurrency
  - clientv3/namespace
  - clientv3/naming
  - compactor
  - discovery
  - error
  - etcdserver
  - etcdserver/api
  - etcdserver/api/v2http
  - etcdserver/api/v2http/httptypes
  - etcdserver/api/v3client
  - etcdserver/api/v3election
  - etcdserver/api/v3election/v3electionpb
  - etcdserver/api/v3lock
  - etcdserver/api/v3lock/v3lockpb
  - etcdserver/api/v3rpc
  - etcdserver/api/v3rpc/rpctypes
  - etcdserver/auth
  - etcdserver/etcdserverpb
  - etcdserver/membership
  - etcdserver/stats
  - integration
  - lease
  - lease/leasehttp
  - lease/leasepb
  - mvcc
  - mvcc/backend
  - mvcc/mvccpb
  - pkg/adt
  - pkg/contention
  - pkg/cpuutil
  - pkg/crc
  - pkg/fileutil
  - pkg/httputil
  - pkg/idutil
  - pkg/ioutil
  - pkg/logutil
  - pkg/monotime
  - pkg/netutil
  - pkg/pathutil
  - pkg/pbutil
  - pkg/runtime
  - pkg/schedule
  - pkg/testutil
  - pkg/tlsutil
  - pkg/transport
  - pkg/types
  - pkg/wait
  - proxy/grpcproxy
  - proxy/grpcproxy/adapter
  - proxy/grpcproxy/cache
  - raft
  - raft/raftpb
  - rafthttp
  - snap
  - snap/snappb
  - store
  - version
  - wal
  - wal/walpb
- name: github.com/coreos/go-semver
  version: 568e959cd89871e61434c1143528d9162da89ef2
  subpackages:
  - semver
- name: github.com/coreos/go-systemd
  version: bfdc81d0d7e0fb19447b08571f63b774495251ce
  subpackages:
  - daemon
  - journal
  - util
- name: github.com/coreos/pkg
  version: fa29b1d70f0beaddd4c7021607cc3c3be8ce94b8
  subpackages:
  - capnslog
- name: github.com/cznic/mathutil
  version: 78ad7f262603437f0ecfebc835d80094f89c8f54
- name: github.com/cznic/sortutil
  version: 4c7342852e65c2088c981288f2c5610d10b9f7f4
- name: github.com/davecgh/go-spew
  version: 5215b55f46b2b919f50a1df0eaa5886afe4e3b3d
  subpackages:
  - spew
- name: github.com/dgrijalva/jwt-go
  version: d2709f9f1f31ebcda9651b03077758c1f3a0018c
- name: github.com/eapache/go-resiliency
  version: ef9aaa7ea8bd2448429af1a77cf41b2b3b34bdd6
  subpackages:
  - breaker
- name: github.com/eapache/go-xerial-snappy
  version: bb955e01b9346ac19dc29eb16586c90ded99a98c
- name: github.com/eapache/queue
  version: 44cc805cf13205b55f69e14bcb69867d1ae92f98
- name: github.com/ghodss/yaml
  version: aa0c862057666179de291b67d9f093d12b5a8473
- name: github.com/go-sql-driver/mysql
  version: dbc3fe23a4aced10a53834106e288b155d17e2ee
- name: github.com/gogo/protobuf
  version: 342cbe0a04158f6dcb03ca0079991a51a4248c02
  subpackages:
  - proto
- name: github.com/golang-collections/collections
  version: 604e922904d35e97f98a774db7881f049cd8d970
  subpackages:
  - queue
- name: github.com/golang/groupcache
  version: 02826c3e79038b59d737d3b1c0a1d937f71a4433
  subpackages:
  - lru
- name: github.com/golang/protobuf
  version: 874264fbbb43f4d91e999fecb4b40143ed611400
  subpackages:
  - jsonpb
  - proto
  - ptypes/any
- name: github.com/golang/snappy
  version: 723cc1e459b8eea2dea4583200fd60757d40097a
- name: github.com/google/btree
  version: 7d79101e329e5a3adf994758c578dab82b90c017
- name: github.com/grpc-ecosystem/go-grpc-middleware
  version: 82921fcf811d228d2fa202bc31238b356bf9f8d5
  subpackages:
  - tags
  - tracing/opentracing
  - util/metautils
- name: github.com/grpc-ecosystem/go-grpc-prometheus
  version: 6b7015e65d366bf3f19b2b2a000a831940f0f7e0
- name: github.com/grpc-ecosystem/grpc-gateway
  version: c8ec92d0481dd77d9b8c1808eb6476d190aa039a
  subpackages:
  - runtime
  - runtime/internal
  - utilities
- name: github.com/jonboulle/clockwork
  version: 2eee05ed794112d45db504eb05aa693efd2b8b09
- name: github.com/juju/errors
  version: 6f54ff6318409d31ff16261533ce2c8381a4fd5d
- name: github.com/matttproud/golang_protobuf_extensions
  version: c12348ce28de40eed0136aa2b644d0ee0650e56c
  subpackages:
  - pbutil
- name: github.com/ngaut/deadline
  version: fae8f9dfd7048de16575b9d4c255278e38c28a4f
- name: github.com/ngaut/log
  version: cec23d3e10b016363780d894a0eb732a12c06e02
- name: github.com/ngaut/pools
  version: 6352e005618615ffaf1cb1c6622b8e91435751fe
- name: github.com/ngaut/sync2
  version: 7a24ed77b2efb460c1468b7dc917821c66e80e55
- name: github.com/opentracing/opentracing-go
  version: 1949ddbfd147afd4d964a9f00b24eb291e0e7c38
  subpackages:
  - ext
  - log
- name: github.com/petar/GoLLRB
  version: 53be0d36a84c2a886ca057d34b6aa4468df9ccb4
  subpackages:
  - llrb
- name: github.com/pierrec/lz4
  version: 2fcda4cb7018ce05a25959d2fe08c83e3329f169
- name: github.com/pierrec/xxHash
  version: a0006b13c722f7f12368c00a3d3c2ae8a999a0c6
  subpackages:
  - xxHash32
- name: github.com/pingcap/goleveldb
  version: 158edde5a354460121af007d02a00b01c8d03443
  subpackages:
  - leveldb
  - leveldb/cache
  - leveldb/comparer
  - leveldb/errors
  - leveldb/filter
  - leveldb/iterator
  - leveldb/journal
  - leveldb/memdb
  - leveldb/opt
  - leveldb/storage
  - leveldb/table
  - leveldb/util
- name: github.com/pingcap/kvproto
  version: 3c5b40fb2000acb6b3441d5695cb470a23e8f1b5
  subpackages:
  - pkg/coprocessor
  - pkg/eraftpb
  - pkg/errorpb
  - pkg/kvrpcpb
  - pkg/metapb
  - pkg/pdpb
  - pkg/raft_serverpb
  - pkg/tikvpb
- name: github.com/pingcap/pd
  version: ce8db87a8c3f2560750232e85ad5152a0a1c69df
  subpackages:
  - pd-client
- name: github.com/pingcap/tidb
  version: 32d0fc9e762d906888a52a122c7bc0f85605ffcd
  subpackages:
  - ast
  - config
  - context
  - ddl
  - ddl/util
  - distsql
  - distsql/xeval
  - domain
  - evaluator
  - executor
  - expression
  - expression/aggregation
  - infoschema
  - inspectkv
  - kv
  - meta
  - meta/autoid
  - model
  - mysql
  - owner
  - parser
  - parser/opcode
  - perfschema
  - plan
  - plan/statistics
  - privilege
  - privilege/privileges
  - sessionctx
  - sessionctx/autocommit
  - sessionctx/binloginfo
  - sessionctx/db
  - sessionctx/forupdate
  - sessionctx/variable
  - sessionctx/varsutil
  - statistics
  - store/localstore
  - store/localstore/engine
  - store/localstore/goleveldb
  - store/tikv
  - store/tikv/mock-tikv
  - store/tikv/oracle
  - store/tikv/oracle/oracles
  - store/tikv/tikvrpc
  - structure
  - table
  - table/tables
  - tablecodec
  - terror
  - types
  - types/json
  - util
  - util/admin
  - util/auth
  - util/bytes
  - util/charset
  - util/codec
  - util/distinct
  - util/encrypt
  - util/format
  - util/goroutine_pool
  - util/hack
  - util/kvcache
  - util/logutil
  - util/mock
  - util/mvmap
  - util/printer
  - util/ranger
  - util/segmentmap
  - util/sqlexec
  - util/stringutil
- name: github.com/pingcap/tipb
  version: eccd39c3992538c382a6351430a77233f42b1344
  subpackages:
  - go-binlog
  - go-tipb
  - sharedbytes
- name: github.com/prometheus/client_golang
  version: c5b7fccd204277076155f10851dad72b76a49317
  subpackages:
  - prometheus
  - prometheus/push
- name: github.com/prometheus/client_model
  version: fa8ad6fec33561be4280a8f0514318c79d7f6cb6
  subpackages:
  - go
- name: github.com/prometheus/common
  version: 4402f4e5ea79ec15f3c574773b6a5198fbea215f
  subpackages:
  - expfmt
  - internal/bitbucket.org/ww/goautoneg
  - model
- name: github.com/prometheus/procfs
  version: abf152e5f3e97f2fafac028d2cc06c1feb87ffa5
- name: github.com/rcrowley/go-metrics
  version: e181e095bae94582363434144c61a9653aff6e50
- name: github.com/samuel/go-zookeeper
  version: e6b59f6144beb8570562539c1898a0b1fea34b41
  subpackages:
  - zk
- name: github.com/Shopify/sarama
  version: c01858abb625b73a3af51d0798e4ad42c8147093
- name: github.com/siddontang/go
  version: 1e9ce2a5ac4092fdf61e293634e40bfb49595105
  subpackages:
  - ioutil2
- name: github.com/Sirupsen/logrus
  version: ba1b36c82c5e05c4f912a88eab0dcd91a171688f
- name: github.com/soheilhy/cmux
  version: bf4a8ede9e87c006fe1d4278c6c7f2b8be1fa84c
- name: github.com/spaolacci/murmur3
  version: 0d12bf811670bf6a1a63828dfbd003eded177fce
- name: github.com/twinj/uuid
  version: 70cac2bcd273ef6a371bb96cde363d28b68734c3
- name: github.com/uber/jaeger-client-go
  version: d021e646f5187d77b55592c3efee1a2810e895d7
  subpackages:
  - config
  - internal/spanlog
  - log
  - rpcmetrics
  - thrift-gen/agent
  - thrift-gen/jaeger
  - thrift-gen/sampling
  - thrift-gen/zipkincore
  - utils
- name: github.com/uber/jaeger-lib
  version: c48167d9cae5887393dd5e61efd06a4a48b7fbb3
  subpackages:
  - metrics
- name: github.com/ugorji/go
  version: f1f1a805ed361a0e078bb537e4ea78cd37dcf065
  subpackages:
  - codec
- name: github.com/xiang90/probing
  version: 07dd2e8dfe18522e9c447ba95f2fe95262f63bb2
- name: golang.org/x/crypto
  version: 1351f936d976c60a0a48d728281922cf63eafb8d
  subpackages:
  - bcrypt
  - blowfish
- name: golang.org/x/net
  version: d1e1b351919c6738fdeb9893d5c998b161464f0c
  repo: https://github.com/golang/net.git
  subpackages:
  - context
  - http2
  - http2/hpack
  - idna
  - internal/timeseries
  - lex/httplex
  - trace
- name: golang.org/x/sys
  version: 8d1157a435470616f975ff9bb013bea8d0962067
  repo: https://github.com/golang/sys.git
  vcs: git
  subpackages:
  - unix
- name: golang.org/x/text
  version: 4ee4af566555f5fbe026368b75596286a312663a
  repo: https://github.com/golang/text.git
  subpackages:
  - encoding
  - encoding/charmap
  - encoding/internal
  - encoding/internal/identifier
  - encoding/japanese
  - encoding/korean
  - encoding/simplifiedchinese
  - encoding/traditionalchinese
  - encoding/unicode
  - internal/utf8internal
  - runes
  - secure
  - secure/bidirule
  - transform
  - unicode/bidi
  - unicode/norm
- name: golang.org/x/time
  version: c06e80d9300e4443158a03817b8a8cb37d230320
  subpackages:
  - rate
- name: google.golang.org/genproto
  version: 6b7d9516179cd47f4714cfeb0103ad1dede756c4
  subpackages:
  - googleapis/rpc/status
- name: google.golang.org/grpc
  version: 3419b42955675df23457629c75f58eb8dcd56954
  subpackages:
  - codes
  - credentials
  - grpclb/grpc_lb_v1
  - grpclog
  - internal
  - keepalive
  - metadata
  - naming
  - peer
  - stats
  - status
  - tap
  - transport
- name: gopkg.in/natefinch/lumberjack.v2
  version: dd45e6a67c53f673bb49ca8a001fd3a63ceb640e
testImports:
- name: github.com/pingcap/check
  version: 9b266636177e249ec28b0aeffe8e86bc272bb481
