github.com/BurntSushi/toml v0.3.1 h1:WXkYYl6Yr3qBf1K79EBnL4mak0OimBfB0XUf9Vl28OQ=
github.com/BurntSushi/toml v0.3.1/go.mod h1:xHWCNGjB5oqiDr8zfno3MHue2Ht5sIBksp03qcyfWMU=
github.com/DATA-DOG/go-sqlmock v1.3.2 h1:2L2f5t3kKnCLxnClDD/PrDfExFFa1wjESgxHG/B1ibo=
github.com/DATA-DOG/go-sqlmock v1.3.2/go.mod h1:f/Ixk793poVmq4qj/V1dPUg2JEAKC73Q5eFN3EC/SaM=
github.com/DataDog/zstd v1.3.6-0.20190409195224-796139022798 h1:2T/jmrHeTezcCM58lvEQXs0UpQJCo5SoGAcg+mbSTIg=
github.com/DataDog/zstd v1.3.6-0.20190409195224-796139022798/go.mod h1:1jcaCB/ufaK+sKp1NBhlGmpz41jOoPQ35bpF36t7BBo=
github.com/Shopify/sarama v1.23.1 h1:XxJBCZEoWJtoWjf/xRbmGUpAmTZGnuuF0ON0EvxxBrs=
github.com/Shopify/sarama v1.23.1/go.mod h1:XLH1GYJnLVE0XCr6KdJGVJRTwY30moWNJ4sERjXX6fs=
github.com/Shopify/toxiproxy v2.1.4+incompatible h1:TKdv8HiTLgE5wdJuEML90aBgNWsokNbMijUGhmcoBJc=
github.com/Shopify/toxiproxy v2.1.4+incompatible/go.mod h1:OXgGpZ6Cli1/URJOF1DMxUHB2q5Ap20/P/eIdh4G0pI=
github.com/apache/thrift v0.0.0-20161221203622-b2a4d4ae21c7 h1:Fv9bK1Q+ly/ROk4aJsVMeuIwPel4bEnD8EPiI91nZMg=
github.com/apache/thrift v0.0.0-20161221203622-b2a4d4ae21c7/go.mod h1:cp2SuWMxlEZw2r+iP2GNCdIi4C1qmUzdZFSVb+bacwQ=
github.com/beorn7/perks v0.0.0-20160229213445-3ac7bf7a47d1 h1:OnJHjoVbY69GG4gclp0ngXfywigLhR6rrgUxmxQRWO4=
github.com/beorn7/perks v0.0.0-20160229213445-3ac7bf7a47d1/go.mod h1:Dwedo/Wpr24TaqPxmxbtue+5NUziq4I4S80YR8gNf3Q=
github.com/blacktear23/go-proxyprotocol v0.0.0-20171102103907-62e368e1c470/go.mod h1:VKt7CNAQxpFpSDz3sXyj9hY/GbVsQCr0sB3w59nE7lU=
github.com/cockroachdb/cmux v0.0.0-20170110192607-30d10be49292/go.mod h1:qRiX68mZX1lGBkTWyp3CLcenw9I94W2dLeRvMzcn9N4=
github.com/codahale/hdrhistogram v0.0.0-20160425231609-f8ad88b59a58/go.mod h1:sE/e/2PUdi/liOCUjSTXgM1o87ZssimdTWN964YiIeI=
github.com/codahale/hdrhistogram v0.0.0-20161010025455-3a0bb77429bd h1:qMd81Ts1T2OTKmB4acZcyKaMtRnY5Y44NuXGX2GFJ1w=
github.com/codahale/hdrhistogram v0.0.0-20161010025455-3a0bb77429bd/go.mod h1:sE/e/2PUdi/liOCUjSTXgM1o87ZssimdTWN964YiIeI=
github.com/coreos/bbolt v1.3.1-coreos.6 h1:uTXKg9gY70s9jMAKdfljFQcuh4e/BXOM+V+d00KFj3A=
github.com/coreos/bbolt v1.3.1-coreos.6/go.mod h1:iRUV2dpdMOn7Bo10OQBFzIJO9kkE559Wcmn+qkEiiKk=
github.com/coreos/etcd v3.2.18+incompatible/go.mod h1:uF7uidLiAD3TWHmW31ZFd/JWoc32PjwdhPthX9715RE=
github.com/coreos/etcd v3.3.0-rc.0.0.20180530235116-2b3aa7e1d49d+incompatible h1:RZrTWq98zDUlM+QT1sOvYJ1G0mYlw5W9BvKDH9eswA8=
github.com/coreos/etcd v3.3.0-rc.0.0.20180530235116-2b3aa7e1d49d+incompatible/go.mod h1:uF7uidLiAD3TWHmW31ZFd/JWoc32PjwdhPthX9715RE=
github.com/coreos/go-semver v0.2.0 h1:3Jm3tLmsgAYcjC+4Up7hJrFBPr+n7rAqYeSw/SZazuY=
github.com/coreos/go-semver v0.2.0/go.mod h1:nnelYz7RCh+5ahJtPPxZlU+153eP4D4r3EedlOD2RNk=
github.com/coreos/go-systemd v0.0.0-20180202092358-40e2722dffea h1:IHPWgevPcOUjTvj3n7Qgm+nie6xs/xV8dmO5MddNTpc=
github.com/coreos/go-systemd v0.0.0-20180202092358-40e2722dffea/go.mod h1:F5haX7vjVVG0kc13fIWeqUViNPyEJxv/OmvnBo0Yme4=
github.com/coreos/pkg v0.0.0-20160727233714-3ac0863d7acf h1:CAKfRE2YtTUIjjh1bkBtyYFaUT/WmOqsJjgtihT0vMI=
github.com/coreos/pkg v0.0.0-20160727233714-3ac0863d7acf/go.mod h1:E3G3o1h8I7cfcXa63jLwjI0eiQQMgzzUDFVpN/nH/eA=
github.com/cznic/mathutil v0.0.0-20160613104831-78ad7f262603 h1:hhR9hTi0ligs11JjfGDBP332clNOJRdW0Ci5oHtEC+0=
github.com/cznic/mathutil v0.0.0-20160613104831-78ad7f262603/go.mod h1:e6NPNENfs9mPDVNRekM7lKScauxd5kXTr1Mfyig6TDM=
github.com/cznic/sortutil v0.0.0-20150617083342-4c7342852e65 h1:hxuZop6tSoOi0sxFzoGGYdRqNrPubyaIf9KoBG9tPiE=
github.com/cznic/sortutil v0.0.0-20150617083342-4c7342852e65/go.mod h1:q2w6Bg5jeox1B+QkJ6Wp/+Vn0G/bo3f1uY7Fn3vivIQ=
github.com/davecgh/go-spew v1.1.0/go.mod h1:J7Y8YcW2NihsgmVo/mv3lAwl/skON4iLHjSsI+c5H38=
github.com/davecgh/go-spew v1.1.1 h1:vj9j/u1bqnvCEfJOwUhtlOARqs3+rkHYY13jYWTU97c=
github.com/davecgh/go-spew v1.1.1/go.mod h1:J7Y8YcW2NihsgmVo/mv3lAwl/skON4iLHjSsI+c5H38=
github.com/dgrijalva/jwt-go v3.2.0+incompatible h1:7qlOGliEKZXTDg6OTjfoBKDXWrumCAMpl/TFQ4/5kLM=
github.com/dgrijalva/jwt-go v3.2.0+incompatible/go.mod h1:E3ru+11k8xSBh+hMPgOLZmtrrCbhqsmaPHjLKYnJCaQ=
github.com/dustin/go-humanize v0.0.0-20180421182945-02af3965c54e/go.mod h1:HtrtbFcZ19U5GC7JDqmcUSB87Iq5E25KnS6fMYU6eOk=
github.com/dustin/go-humanize v1.0.0 h1:VSnTsYCnlFHaM2/igO1h6X3HA71jcobQuxemgkq4zYo=
github.com/dustin/go-humanize v1.0.0/go.mod h1:HtrtbFcZ19U5GC7JDqmcUSB87Iq5E25KnS6fMYU6eOk=
github.com/eapache/go-resiliency v1.1.0 h1:1NtRmCAqadE2FN4ZcN6g90TP3uk8cg9rn9eNK2197aU=
github.com/eapache/go-resiliency v1.1.0/go.mod h1:kFI+JgMyC7bLPUVY133qvEBtVayf5mFgVsvEsIPBvNs=
github.com/eapache/go-xerial-snappy v0.0.0-20180814174437-776d5712da21 h1:YEetp8/yCZMuEPMUDHG0CW/brkkEp8mzqk2+ODEitlw=
github.com/eapache/go-xerial-snappy v0.0.0-20180814174437-776d5712da21/go.mod h1:+020luEh2TKB4/GOp8oxxtq0Daoen/Cii55CzbTV6DU=
github.com/eapache/queue v1.1.0 h1:YOEu7KNc61ntiQlcEeUIoDTJ2o8mQznoNvUhiigpIqc=
github.com/eapache/queue v1.1.0/go.mod h1:6eCeP0CKFpHLu8blIFXhExK/dRa7WDZfr6jVFPTqq+I=
github.com/eknkc/amber v0.0.0-20171010120322-cdade1c07385 h1:clC1lXBpe2kTj2VHdaIu9ajZQe4kcEY9j0NsnDDBZ3o=
github.com/eknkc/amber v0.0.0-20171010120322-cdade1c07385/go.mod h1:0vRUJqYpeSZifjYj7uP3BG/gKcuzL9xWVV/Y+cK33KM=
github.com/etcd-io/gofail v0.0.0-20180808172546-51ce9a71510a/go.mod h1:49H/RkXP8pKaZy4h0d+NW16rSLhyVBt4o6VLJbmOqDE=
github.com/fsnotify/fsnotify v1.4.7 h1:IXs+QLmnXW2CcXuY+8Mzv/fWEsPGWxqefPtCP5CnV9I=
github.com/fsnotify/fsnotify v1.4.7/go.mod h1:jwhsz4b93w/PPRr/qN1Yymfu8t87LnFCMoQvtojpjFo=
github.com/ghodss/yaml v1.0.0 h1:wQHKEahhL6wmXdzwWG11gIVCkOv05bNOh+Rxn0yngAk=
github.com/ghodss/yaml v1.0.0/go.mod h1:4dBDuWmgqj2HViK6kFavaiC9ZROes6MMH2rRYeMEF04=
github.com/go-sql-driver/mysql v0.0.0-20170715192408-3955978caca4/go.mod h1:zAC/RDZ24gD3HViQzih4MyKcchzm+sOG5ZlKdlhCg5w=
github.com/go-sql-driver/mysql v1.4.1 h1:g24URVg0OFbNUTx9qqY1IRZ9D9z3iPyi5zKhQZpNwpA=
github.com/go-sql-driver/mysql v1.4.1/go.mod h1:zAC/RDZ24gD3HViQzih4MyKcchzm+sOG5ZlKdlhCg5w=
github.com/gogo/protobuf v1.1.1 h1:72R+M5VuhED/KujmZVcIquuo8mBgX4oVda//DQb3PXo=
github.com/gogo/protobuf v1.1.1/go.mod h1:r8qH/GZQm5c6nD/R0oafs1akxWv10x8SbQlK7atdtwQ=
github.com/golang/glog v0.0.0-20160126235308-23def4e6c14b h1:VKtxabqXZkF25pY9ekfRL6a582T4P37/31XEstQ5p58=
github.com/golang/glog v0.0.0-20160126235308-23def4e6c14b/go.mod h1:SBH7ygxi8pfUlaOkMMuAQtPIUF8ecWP5IEl/CR7VP2Q=
github.com/golang/groupcache v0.0.0-20181024230925-c65c006176ff h1:kOkM9whyQYodu09SJ6W3NCsHG7crFaJILQ22Gozp3lg=
github.com/golang/groupcache v0.0.0-20181024230925-c65c006176ff/go.mod h1:cIg4eruTrX1D+g88fzRXU5OdNfaM+9IcxsU14FzY7Hc=
github.com/golang/protobuf v1.1.0/go.mod h1:6lQm79b+lXiMfvg/cZm0SGofjICqVBUtrP5yJMmIC1U=
github.com/golang/protobuf v1.2.0/go.mod h1:6lQm79b+lXiMfvg/cZm0SGofjICqVBUtrP5yJMmIC1U=
github.com/golang/protobuf v1.3.1 h1:YF8+flBXS5eO826T4nzqPrxfhQThhXl0YzfuUPu4SBg=
github.com/golang/protobuf v1.3.1/go.mod h1:6lQm79b+lXiMfvg/cZm0SGofjICqVBUtrP5yJMmIC1U=
github.com/golang/snappy v0.0.0-20180518054509-2e65f85255db h1:woRePGFeVFfLKN/pOkfl+p/TAqKOfFu+7KPlMVpok/w=
github.com/golang/snappy v0.0.0-20180518054509-2e65f85255db/go.mod h1:/XxbfmMg8lxefKM7IXC3fBNl/7bRcc72aCRzEWrmP2Q=
github.com/golang/snappy v0.0.1 h1:Qgr9rKW7uDUkrbSmQeiDsGa8SjGyCOGtuasMWwvp2P4=
github.com/golang/snappy v0.0.1/go.mod h1:/XxbfmMg8lxefKM7IXC3fBNl/7bRcc72aCRzEWrmP2Q=
github.com/google/btree v0.0.0-20161217183710-316fb6d3f031 h1:yAx4v8FikdsGCBPzIaT2F+0WH0J+wcL7cQD9n3UbyOk=
github.com/google/btree v0.0.0-20161217183710-316fb6d3f031/go.mod h1:lNA+9X1NB3Zf8V7Ke586lFgjr2dZNuvo3lPJSGZ5JPQ=
github.com/google/gofuzz v0.0.0-20170612174753-24818f796faf h1:+RRA9JqSOZFfKrOeqr2z77+8R2RKyh8PG66dcu1V0ck=
github.com/google/gofuzz v0.0.0-20170612174753-24818f796faf/go.mod h1:HP5RmnzzSNb993RKQDq4+1A4ia9nllfqcQFTQJedwGI=
github.com/gorilla/context v0.0.0-20160226214623-1ea25387ff6f/go.mod h1:kBGZzfjB9CEq2AlWe17Uuf7NDRt0dE0s8S51q0aT7Yg=
github.com/gorilla/context v1.1.1 h1:AWwleXJkX/nhcU9bZSnZoi3h/qGYqQAGhq6zZe/aQW8=
github.com/gorilla/context v1.1.1/go.mod h1:kBGZzfjB9CEq2AlWe17Uuf7NDRt0dE0s8S51q0aT7Yg=
github.com/gorilla/mux v0.0.0-20170228224354-599cba5e7b61/go.mod h1:1lud6UwP+6orDFRuTfBEV8e9/aOM/c4fVVCaMa2zaAs=
github.com/gorilla/mux v1.6.2 h1:Pgr17XVTNXAk3q/r4CpKzC5xBM/qW1uVLV+IhRZpIIk=
github.com/gorilla/mux v1.6.2/go.mod h1:1lud6UwP+6orDFRuTfBEV8e9/aOM/c4fVVCaMa2zaAs=
github.com/gorilla/websocket v1.4.0 h1:WDFjx/TMzVgy9VdMMQi2K2Emtwi2QcUQsztZ/zLaH/Q=
github.com/gorilla/websocket v1.4.0/go.mod h1:E7qHFY5m1UJ88s3WnNqhKjPHQ0heANvMoAMk2YaljkQ=
github.com/grpc-ecosystem/go-grpc-middleware v0.0.0-20171020063731-82921fcf811d/go.mod h1:FiyG127CGDf3tlThmgyCl78X/SZQqEOJBCDaAfeWzPs=
github.com/grpc-ecosystem/go-grpc-middleware v1.0.0 h1:Iju5GlWwrvL6UBg4zJJt3btmonfrMlCDdsejg4CZE7c=
github.com/grpc-ecosystem/go-grpc-middleware v1.0.0/go.mod h1:FiyG127CGDf3tlThmgyCl78X/SZQqEOJBCDaAfeWzPs=
github.com/grpc-ecosystem/go-grpc-prometheus v0.0.0-20160910222444-6b7015e65d36/go.mod h1:8NvIoxWQoOIhqOTXgfV/d3M/q6VIi02HzZEHgUlZvzk=
github.com/grpc-ecosystem/go-grpc-prometheus v0.0.0-20180820150422-93bf4626fba7 h1:0gOai1lbarZzE4KZXIGWguEAlTbDzFYdHIZExWH7Srg=
github.com/grpc-ecosystem/go-grpc-prometheus v0.0.0-20180820150422-93bf4626fba7/go.mod h1:8NvIoxWQoOIhqOTXgfV/d3M/q6VIi02HzZEHgUlZvzk=
github.com/grpc-ecosystem/grpc-gateway v1.4.1 h1:pX7cnDwSSmG0dR9yNjCQSSpmsJOqFdT7SzVp5Yl9uVw=
github.com/grpc-ecosystem/grpc-gateway v1.4.1/go.mod h1:RSKVYQBd5MCa4OVpNdGskqpgL2+G+NZTnrVHpWWfpdw=
github.com/hashicorp/go-uuid v1.0.1 h1:fv1ep09latC32wFoVwnqcnKJGnMSdBanPczbHAYm1BE=
github.com/hashicorp/go-uuid v1.0.1/go.mod h1:6SBZvOh/SIDV7/2o3Jml5SYk/TvGqwFJ/bN7x4byOro=
github.com/hpcloud/tail v1.0.0 h1:nfCOvKYfkgYP8hkirhJocXT2+zOD8yUNjXaWfTlyFKI=
github.com/hpcloud/tail v1.0.0/go.mod h1:ab1qPbhIpdTxEkNHXyeSf5vhxWSCs/tWer42PpOxQnU=
github.com/jcmturner/gofork v0.0.0-20190328161633-dc7c13fece03 h1:FUwcHNlEqkqLjLBdCp5PRlCFijNjvcYANOZXzCfXwCM=
github.com/jcmturner/gofork v0.0.0-20190328161633-dc7c13fece03/go.mod h1:MK8+TM0La+2rjBD4jE12Kj1pCCxK7d2LK/UM3ncEo0o=
github.com/jonboulle/clockwork v0.1.0 h1:VKV+ZcuP6l3yW9doeqz6ziZGgcynBVQO+obU0+0hcPo=
github.com/jonboulle/clockwork v0.1.0/go.mod h1:Ii8DK3G1RaLaWxj9trq07+26W01tbo22gdxWY5EU2bo=
github.com/kami-zh/go-capturer v0.0.0-20171211120116-e492ea43421d h1:cVtBfNW5XTHiKQe7jDaDBSh/EVM4XLPutLAGboIXuM0=
github.com/kami-zh/go-capturer v0.0.0-20171211120116-e492ea43421d/go.mod h1:P2viExyCEfeWGU259JnaQ34Inuec4R38JCyBx2edgD0=
github.com/kr/pretty v0.1.0 h1:L/CwN0zerZDmRFUapSPitk6f+Q3+0za1rQkzVuMiMFI=
github.com/kr/pretty v0.1.0/go.mod h1:dAy3ld7l9f0ibDNOQOHHMYYIIbhfbHSm3C4ZsoJORNo=
github.com/kr/pty v1.1.1/go.mod h1:pFQYn66WHrOpPYNljwOMqo10TkYh1fy3cYio2l3bCsQ=
github.com/kr/text v0.1.0 h1:45sCR5RtlFHMR4UwH9sdQ5TC8v0qDQCHnXt+kaKSTVE=
github.com/kr/text v0.1.0/go.mod h1:4Jbv+DJW3UT/LiOwJeYQe1efqtUx/iVham/4vfdArNI=
github.com/matttproud/golang_protobuf_extensions v1.0.1 h1:4hp9jkHxhMHkqkrB3Ix0jegS5sx/RkqARlsWZ6pIwiU=
github.com/matttproud/golang_protobuf_extensions v1.0.1/go.mod h1:D8He9yQNgCq6Z5Ld7szi9bcBfOoFv/3dc6xSMkL2PC0=
github.com/montanaflynn/stats v0.0.0-20151014174947-eeaced052adb/go.mod h1:wL8QJuTMNUDYhXwkmfOly8iTdp5TEcJFWZD2D7SIkUc=
github.com/montanaflynn/stats v0.0.0-20180911141734-db72e6cae808 h1:pmpDGKLw4n82EtrNiLqB+xSz/JQwFOaZuMALYUHwX5s=
github.com/montanaflynn/stats v0.0.0-20180911141734-db72e6cae808/go.mod h1:wL8QJuTMNUDYhXwkmfOly8iTdp5TEcJFWZD2D7SIkUc=
github.com/ngaut/log v0.0.0-20160810023011-cec23d3e10b0 h1:yAdflNJJ0W/AGi5dapdvp9jZHnkGV6ZOlW1A3z/oTY8=
github.com/ngaut/log v0.0.0-20160810023011-cec23d3e10b0/go.mod h1:ueVCjKQllPmX7uEvCYnZD5b8qjidGf1TCH61arVe4SU=
github.com/ngaut/pools v0.0.0-20180318154953-b7bc8c42aac7 h1:7KAv7KMGTTqSmYZtNdcNTgsos+vFzULLwyElndwn+5c=
github.com/ngaut/pools v0.0.0-20180318154953-b7bc8c42aac7/go.mod h1:iWMfgwqYW+e8n5lC/jjNEhwcjbRDpl5NT7n2h+4UNcI=
github.com/ngaut/sync2 v0.0.0-20141008032647-7a24ed77b2ef h1:K0Fn+DoFqNqktdZtdV3bPQ/0cuYh2H4rkg0tytX/07k=
github.com/ngaut/sync2 v0.0.0-20141008032647-7a24ed77b2ef/go.mod h1:7WjlapSfwQyo6LNmIvEWzsW1hbBQfpUO4JWnuQRmva8=
github.com/onsi/ginkgo v1.6.0/go.mod h1:lLunBs/Ym6LB5Z9jYTR76FiuTmxDTDusOGeTQH+WWjE=
github.com/onsi/ginkgo v1.7.0 h1:WSHQ+IS43OoUrWtD1/bbclrwK8TTH5hzp+umCiuxHgs=
github.com/onsi/ginkgo v1.7.0/go.mod h1:lLunBs/Ym6LB5Z9jYTR76FiuTmxDTDusOGeTQH+WWjE=
github.com/onsi/ginkgo v1.8.0 h1:VkHVNpR4iVnU8XQR6DBm8BqYjN7CRzw+xKUbVVbbW9w=
github.com/onsi/ginkgo v1.8.0/go.mod h1:lLunBs/Ym6LB5Z9jYTR76FiuTmxDTDusOGeTQH+WWjE=
github.com/onsi/gomega v1.4.1 h1:PZSj/UFNaVp3KxrzHOcS7oyuWA7LoOY/77yCTEFu21U=
github.com/onsi/gomega v1.4.1/go.mod h1:C1qb7wdrVGGVU+Z6iS04AVkA3Q65CEZX59MT0QO5uiA=
github.com/onsi/gomega v1.4.3/go.mod h1:ex+gbHU/CVuBBDIJjb2X0qEXbFg53c61hWP/1CpauHY=
github.com/onsi/gomega v1.5.0 h1:izbySO9zDPmjJ8rDjLvkA2zJHIo+HkYXHnf7eN7SSyo=
github.com/onsi/gomega v1.5.0/go.mod h1:ex+gbHU/CVuBBDIJjb2X0qEXbFg53c61hWP/1CpauHY=
github.com/opentracing/basictracer-go v1.0.0 h1:YyUAhaEfjoWXclZVJ9sGoNct7j4TVk7lZWlQw5UXuoo=
github.com/opentracing/basictracer-go v1.0.0/go.mod h1:QfBfYuafItcjQuMwinw9GhYKwFXS9KnPs5lxoYwgW74=
github.com/opentracing/opentracing-go v1.0.2 h1:3jA2P6O1F9UOrWVpwrIo17pu01KWvNWg4X946/Y5Zwg=
github.com/opentracing/opentracing-go v1.0.2/go.mod h1:UkNAQd3GIcIGf0SeVgPpRdFStlNbqXla1AfSYxPUl2o=
github.com/pierrec/lz4 v0.0.0-20190327172049-315a67e90e41/go.mod h1:3/3N9NVKO0jef7pBehbT1qWhCMrIgbYNnFAZCqQ5LRc=
github.com/pierrec/lz4 v2.0.5+incompatible h1:2xWsjqPFWcplujydGg4WmhC/6fZqK42wMM8aXeqhl0I=
github.com/pierrec/lz4 v2.0.5+incompatible/go.mod h1:pdkljMzZIN41W+lC3N2tnIh5sFi+IEE17M5jbnwPHcY=
github.com/pingcap/check v0.0.0-20171206051426-1c287c953996 h1:ZBdiJCMan6GSo/aPAM7gywcUKa0z58gczVrnG6TQnAQ=
github.com/pingcap/check v0.0.0-20171206051426-1c287c953996/go.mod h1:B1+S9LNcuMyLH/4HMTViQOJevkGiik3wW2AN9zb2fNQ=
github.com/pingcap/check v0.0.0-20190102082844-67f458068fc8 h1:USx2/E1bX46VG32FIw034Au6seQ2fY9NEILmNh/UlQg=
github.com/pingcap/check v0.0.0-20190102082844-67f458068fc8/go.mod h1:B1+S9LNcuMyLH/4HMTViQOJevkGiik3wW2AN9zb2fNQ=
github.com/pingcap/errors v0.11.0 h1:DCJQB8jrHbQ1VVlMFIrbj2ApScNNotVmkSNplu2yUt4=
github.com/pingcap/errors v0.11.0/go.mod h1:Oi8TUi2kEtXXLMJk9l1cGmz20kV3TaQ0usTwv5KuLY8=
github.com/pingcap/gofail v0.0.0-20181217135706-6a951c1e42c3 h1:04yuCf5NMvLU8rB2m4Qs3rynH7EYpMno3lHkewIOdMo=
github.com/pingcap/gofail v0.0.0-20181217135706-6a951c1e42c3/go.mod h1:DazNTg0PTldtpsQiT9I5tVJwV1onHMKBBgXzmJUlMns=
github.com/pingcap/goleveldb v0.0.0-20171020084629-8d44bfdf1030 h1:XJLuW0lsP7vAtQ2iPjZwvXZ14m5urp9No+Qr06ZZcTo=
github.com/pingcap/goleveldb v0.0.0-20171020084629-8d44bfdf1030/go.mod h1:O17XtbryoCJhkKGbT62+L2OlrniwqiGLSqrmdHCMzZw=
github.com/pingcap/kvproto v0.0.0-20181109035735-8e3f33ac4929 h1:E24nIxjoFlFkwCMaC7+KtHdxBZ79p1h++xEjhBXJw0M=
github.com/pingcap/kvproto v0.0.0-20181109035735-8e3f33ac4929/go.mod h1:0gwbe1F2iBIjuQ9AH0DbQhL+Dpr5GofU8fgYyXk+ykk=
github.com/pingcap/parser v0.0.0-20190118033454-a52e5bde3bd2 h1:7YGx4hF6M0nlFJVZrLF3EbMRI+XOizL+9aB8Txe745U=
github.com/pingcap/parser v0.0.0-20190118033454-a52e5bde3bd2/go.mod h1:1FNvfp9+J0wvc4kl8eGNh7Rqrxveg15jJoWo/a0uHwA=
github.com/pingcap/parser v0.0.0-20190703021824-628683061f71 h1:ErX0Ww42LBHTSlK2Q8f8/86CUEg+dUpeyYbMt0iNxkg=
github.com/pingcap/parser v0.0.0-20190703021824-628683061f71/go.mod h1:1FNvfp9+J0wvc4kl8eGNh7Rqrxveg15jJoWo/a0uHwA=
github.com/pingcap/pd v2.1.0-rc.4+incompatible/go.mod h1:nD3+EoYes4+aNNODO99ES59V83MZSI+dFbhyr667a0E=
github.com/pingcap/pd v2.1.3+incompatible h1:KleGpnoOxIt9v9QbOYac24X7bLE0qwcSqARvuYEEooA=
github.com/pingcap/pd v2.1.3+incompatible/go.mod h1:nD3+EoYes4+aNNODO99ES59V83MZSI+dFbhyr667a0E=
github.com/pingcap/tidb v2.1.3+incompatible h1:RDMYQBTVtZydwjWxrrywL4jqKLLUt3LFVJH5aG7EoJQ=
github.com/pingcap/tidb v2.1.3+incompatible/go.mod h1:Z+sjbxW9GebtaElggx5ZW3lrsusJySqzjWAwYsMPibo=
github.com/pingcap/tidb-tools v2.1.3-0.20190116051332-34c808eef588+incompatible/go.mod h1:XGdcy9+yqlDSEMTpOXnwf3hiTeqrV6MN/u1se9N8yIM=
github.com/pingcap/tidb-tools v2.1.5+incompatible h1:RezT34GY1frOAiBKTWOZ7wL7T099uvicJL4hwWCgit4=
github.com/pingcap/tidb-tools v2.1.5+incompatible/go.mod h1:XGdcy9+yqlDSEMTpOXnwf3hiTeqrV6MN/u1se9N8yIM=
github.com/pingcap/tipb v0.0.0-20180910045846-371b48b15d93/go.mod h1:RtkHW8WbcNxj8lsbzjaILci01CtYnYbIkQhjyZWrWVI=
github.com/pingcap/tipb v0.0.0-20190107072121-abbec73437b7 h1:wnjdQRhybddDesBVBKyOLUPgDaOFdtqA92pduBgWvVQ=
github.com/pingcap/tipb v0.0.0-20190107072121-abbec73437b7/go.mod h1:RtkHW8WbcNxj8lsbzjaILci01CtYnYbIkQhjyZWrWVI=
github.com/pkg/errors v0.8.0 h1:WdK/asTD0HN+q6hsWO3/vpuAkAr+tw6aNJNDFFf0+qw=
github.com/pkg/errors v0.8.0/go.mod h1:bwawxfHBFNV+L2hUp1rHADufV3IMtnDRdf1r5NINEl0=
github.com/pkg/errors v0.8.1 h1:iURUrRGxPUNPdy5/HRSm+Yj6okJ6UtLINN0Q9M4+h3I=
github.com/pkg/errors v0.8.1/go.mod h1:bwawxfHBFNV+L2hUp1rHADufV3IMtnDRdf1r5NINEl0=
github.com/pkg/profile v1.2.1/go.mod h1:hJw3o1OdXxsrSjjVksARp5W95eeEaEfptyVZyv6JUPA=
github.com/pmezard/go-difflib v1.0.0 h1:4DBwDE0NGyQoBHbLQYPwSUPoCMWR5BEzIk/f1lZbAQM=
github.com/pmezard/go-difflib v1.0.0/go.mod h1:iKH77koFhYxTK1pcRnkKkqfTogsbg7gZNVY4sRDYZ/4=
github.com/prometheus/client_golang v0.8.0 h1:1921Yw9Gc3iSc4VQh3PIoOqgPCZS7G/4xQNVUp8Mda8=
github.com/prometheus/client_golang v0.8.0/go.mod h1:7SWBe2y4D6OKWSNQJUaRYU/AaXPKyh/dDVn+NZz0KFw=
github.com/prometheus/client_model v0.0.0-20171117100541-99fa1f4be8e5 h1:cLL6NowurKLMfCeQy4tIeph12XNQWgANCNvdyrOYKV4=
github.com/prometheus/client_model v0.0.0-20171117100541-99fa1f4be8e5/go.mod h1:MbSGuTsp3dbXC40dX6PRTWyKYBIrTGTE9sqQNg2J8bo=
github.com/prometheus/common v0.0.0-20180426121432-d811d2e9bf89 h1:7KBNF1zLlfEkG0K4axOT7B9GNzaIse6ELQL/w48P7KI=
github.com/prometheus/common v0.0.0-20180426121432-d811d2e9bf89/go.mod h1:daVV7qP5qjZbuso7PdcryaAu0sAZbrN9i7WWcTMWvro=
github.com/prometheus/procfs v0.0.0-20180408092902-8b1c2da0d56d h1:RCcsxyRr6+/pLg6wr0cUjPovhEhSNOtPh0SOz6u3hGU=
github.com/prometheus/procfs v0.0.0-20180408092902-8b1c2da0d56d/go.mod h1:c3At6R/oaqEKCNdg8wHV1ftS6bRYblBhIjjI8uT2IGk=
github.com/rcrowley/go-metrics v0.0.0-20181016184325-3113b8401b8a h1:9ZKAASQSHhDYGoxY8uLVpewe1GDZ2vu2Tr/vTdVAkFQ=
github.com/rcrowley/go-metrics v0.0.0-20181016184325-3113b8401b8a/go.mod h1:bCqnVzQkZxMG4s8nGwiZ5l3QUCyqpo9Y+/ZMZ9VjZe4=
github.com/samuel/go-zookeeper v0.0.0-20170815201139-e6b59f6144be h1:9prAjluC9cN0nht+csYXr3isly4OvAEfch9+VVFnn4U=
github.com/samuel/go-zookeeper v0.0.0-20170815201139-e6b59f6144be/go.mod h1:gi+0XIa01GRL2eRQVjQkKGqKF3SF9vZR/HnPullcV2E=
github.com/siddontang/go v0.0.0-20161005110831-1e9ce2a5ac40 h1:pTDanWyLe3/hAiqGxqr6jArGd0zZFjFBjJfCwAUtqOs=
github.com/siddontang/go v0.0.0-20161005110831-1e9ce2a5ac40/go.mod h1:3yhqj7WBBfRhbBlzyOC3gUxftwsU0u8gqevxwIHQpMw=
github.com/sirupsen/logrus v0.0.0-20170323161349-3bcb09397d6d/go.mod h1:pMByvHTf9Beacp5x1UXfOR9xyW/9antXMhjMPG0dEzc=
github.com/sirupsen/logrus v0.0.0-20180830201151-78fa2915c1fa h1:ibcxl3Yye56+Gm1/pNaxnD0A+rDoSVXqL0h0NG+s/Lc=
github.com/sirupsen/logrus v0.0.0-20180830201151-78fa2915c1fa/go.mod h1:pMByvHTf9Beacp5x1UXfOR9xyW/9antXMhjMPG0dEzc=
github.com/soheilhy/cmux v0.1.2 h1:0kFV8Z1gbsMvVLTfGDBuN7LVcwGQvsBE8+yMY/Dq4DA=
github.com/soheilhy/cmux v0.1.2/go.mod h1:IM3LyeVVIOuxMH7sFAkER9+bJ4dT7Ms6E4xg4kGIyLM=
github.com/spaolacci/murmur3 v0.0.0-20150829172844-0d12bf811670/go.mod h1:JwIasOWyU6f++ZhiEuf87xNszmSA2myDM2Kzu9HwQUA=
github.com/spaolacci/murmur3 v0.0.0-20180118202830-f09979ecbc72 h1:qLC7fQah7D6K1B0ujays3HV9gkFtllcxhzImRR7ArPQ=
github.com/spaolacci/murmur3 v0.0.0-20180118202830-f09979ecbc72/go.mod h1:JwIasOWyU6f++ZhiEuf87xNszmSA2myDM2Kzu9HwQUA=
github.com/spf13/pflag v1.0.3 h1:zPAT6CGy6wXeQ7NtTnaTerfKOsV6V6F8agHXFiazDkg=
github.com/spf13/pflag v1.0.3/go.mod h1:DYY7MBk1bdzusC3SYhjObp+wFpr4gzcvqqNjLnInEg4=
github.com/stretchr/objx v0.1.0/go.mod h1:HFkY916IF+rwdDfMAkV7OtwuqBVzrE8GR6GFx+wExME=
github.com/stretchr/testify v1.2.2 h1:bSDNvY7ZPG5RlJ8otE/7V6gMiyenm9RtJ7IUVIAoJ1w=
github.com/stretchr/testify v1.2.2/go.mod h1:a8OnRcib4nhh0OaRAV+Yts87kKdq0PP7pXfy6kDkUVs=
github.com/stretchr/testify v1.3.0 h1:TivCn/peBQ7UY8ooIcPgZFpTNSz0Q2U6UrFlUfqbe0Q=
github.com/stretchr/testify v1.3.0/go.mod h1:M5WIy9Dh21IEIfnGCwXGc5bZfKNJtfHm1UVUgZn+9EI=
github.com/syndtr/goleveldb v1.0.1-0.20190625010220-02440ea7a285 h1:uSDYjYejelKyceA6DiCsngFof9jAyeaSyX9XC5a1a7Q=
github.com/syndtr/goleveldb v1.0.1-0.20190625010220-02440ea7a285/go.mod h1:9OrXJhf154huy1nPWmuSrkgjPUtUNhA+Zmy+6AESzuA=
github.com/tmc/grpc-websocket-proxy v0.0.0-20190109142713-0ad062ec5ee5 h1:LnC5Kc/wtumK+WB441p7ynQJzVuNRJiqddSIE3IlSEQ=
github.com/tmc/grpc-websocket-proxy v0.0.0-20190109142713-0ad062ec5ee5/go.mod h1:ncp9v5uamzpCO7NfCPTXjqaC+bZgJeR0sMTm6dMHP7U=
github.com/twinj/uuid v0.0.0-20150629100731-70cac2bcd273 h1:YqFyfcgqxQqjpRr0SEG0Z555J/3kPqDL/xmRyeAaX/0=
github.com/twinj/uuid v0.0.0-20150629100731-70cac2bcd273/go.mod h1:mMgcE1RHFUFqe5AfiwlINXisXfDGro23fWdPUfOMjRY=
github.com/uber/jaeger-client-go v2.8.0+incompatible h1:7DGH8Hqk6PirD+GE+bvCf0cLnspLuae7N1NcwMeQcyg=
github.com/uber/jaeger-client-go v2.8.0+incompatible/go.mod h1:WVhlPFC8FDjOFMMWRy2pZqQJSXxYSwNYOkTr/Z6d3Kk=
github.com/uber/jaeger-lib v1.1.0 h1:k1oxbz5ToLJtwCGmTlNSmfciXv/SPe1tnmNe+FqTl5w=
github.com/uber/jaeger-lib v1.1.0/go.mod h1:ComeNDZlWwrWnDv8aPp0Ba6+uUTzImX/AauajbLI56U=
github.com/ugorji/go v1.1.1 h1:gmervu+jDMvXTbcHQ0pd2wee85nEoE0BsVyEuzkfK8w=
github.com/ugorji/go v1.1.1/go.mod h1:hnLbHMwcvSihnDhEfx2/BzKp2xb0Y+ErdfYcrs9tkJQ=
github.com/unrolled/render v0.0.0-20171102162132-65450fb6b2d3/go.mod h1:tu82oB5W2ykJRVioYsB+IQKcft7ryBr7w12qMBUPyXg=
github.com/unrolled/render v0.0.0-20180807193321-4206df6ff701 h1:BJ/T25enw0WcbWqV132hGXRQdqCqe9XBzqh4AWVH7Bc=
github.com/unrolled/render v0.0.0-20180807193321-4206df6ff701/go.mod h1:tu82oB5W2ykJRVioYsB+IQKcft7ryBr7w12qMBUPyXg=
github.com/xdg/scram v0.0.0-20180814205039-7eeb5667e42c/go.mod h1:lB8K/P019DLNhemzwFU4jHLhdvlE6uDZjXFejJXr49I=
github.com/xdg/stringprep v1.0.0/go.mod h1:Jhud4/sHMO4oL310DaZAKk9ZaJ08SJfe+sJh0HrGL1Y=
github.com/xiang90/probing v0.0.0-20160813154853-07dd2e8dfe18 h1:MPPkRncZLN9Kh4MEFmbnK4h3BD7AUmskWv2+EeZJCCs=
github.com/xiang90/probing v0.0.0-20160813154853-07dd2e8dfe18/go.mod h1:UETIi67q53MR2AWcXfiuqkDkRtnGDLqkBTpCHuJHxtU=
github.com/zanmato1984/clickhouse v1.3.4-0.20181106115746-3e9a6b9beb12 h1:xY43AJc1/ADHYp7zbGKzvFeH8SnNCNjJ60fYuOsc8LQ=
github.com/zanmato1984/clickhouse v1.3.4-0.20181106115746-3e9a6b9beb12/go.mod h1:OfQR+gm56UQgWasTZbusI1U1yS7i+gCFd1V/Dt0wEyg=
go.uber.org/atomic v1.3.2 h1:2Oa65PReHzfn29GpvgsYwloV9AVFHPDk8tYxt2c2tr4=
go.uber.org/atomic v1.3.2/go.mod h1:gD2HeocX3+yG+ygLZcrzQJaqmWj9AIm7n08wl/qW/PE=
go.uber.org/multierr v1.1.0 h1:HoEmRHQPVSqub6w2z2d2EOVs2fjyFRGyofhKuyDq0QI=
go.uber.org/multierr v1.1.0/go.mod h1:wR5kodmAFQ0UK8QlbwjlSNy0Z68gJhDJUG5sjR94q/0=
go.uber.org/zap v1.9.1 h1:XCJQEf3W6eZaVwhRBof6ImoYGJSITeKWsyeh3HFu/5o=
go.uber.org/zap v1.9.1/go.mod h1:vwi/ZaCAaUcBkycHslxD9B2zi4UTXhF60s6SWpuDF0Q=
golang.org/x/crypto v0.0.0-20180503215945-1f94bef427e3/go.mod h1:6SG95UA2DQfeDnfUPMdvaQW0Q7yPrPDi9nlGo2tz2b4=
golang.org/x/crypto v0.0.0-20190308221718-c2843e01d9a2/go.mod h1:djNgcEr1/C05ACkg1iLfiJU5Ep61QUkGW8qpdssI0+w=
golang.org/x/crypto v0.0.0-20190404164418-38d8ce5564a5/go.mod h1:WFFai1msRO1wXaEeE5yQxYXgSfI8pQAWXbQop6sCtWE=
golang.org/x/crypto v0.0.0-20190513172903-22d7a77e9e5f h1:R423Cnkcp5JABoeemiGEPlt9tHXFfw5kvc0yqlxRPWo=
golang.org/x/crypto v0.0.0-20190513172903-22d7a77e9e5f/go.mod h1:yigFU9vqHzYiE8UmvKecakEJjdnWj3jj499lnFckfCI=
golang.org/x/net v0.0.0-20180724234803-3673e40ba225/go.mod h1:mL1N/T3taQHkDXs73rZJwtUhF3w3ftmwwsq0BUmARs4=
golang.org/x/net v0.0.0-20180906233101-161cd47e91fd/go.mod h1:mL1N/T3taQHkDXs73rZJwtUhF3w3ftmwwsq0BUmARs4=
golang.org/x/net v0.0.0-20190404232315-eb5bcb51f2a3/go.mod h1:t9HGtf8HONx5eT2rtn7q6eTqICYqUVnKs3thJo3Qplg=
golang.org/x/net v0.0.0-20190522155817-f3200d17e092 h1:4QSRKanuywn15aTZvI/mIDEgPQpswuFndXpOj3rKEco=
golang.org/x/net v0.0.0-20190522155817-f3200d17e092/go.mod h1:HSz+uSET+XFnRR8LxR5pz3Of3rY3CfYBVs4xY44aLks=
golang.org/x/sync v0.0.0-20180314180146-1d60e4601c6f/go.mod h1:RxMgew5VJxzue5/jJTE5uejpjVlOe/izrB70Jof72aM=
golang.org/x/sync v0.0.0-20190423024810-112230192c58 h1:8gQV6CLnAEikrhgkHFbMAEhagSSnXWGV915qUMm9mrU=
golang.org/x/sync v0.0.0-20190423024810-112230192c58/go.mod h1:RxMgew5VJxzue5/jJTE5uejpjVlOe/izrB70Jof72aM=
golang.org/x/sys v0.0.0-20180909124046-d0be0721c37e/go.mod h1:STP8DvDyc/dI5b8T5hshtkjS+E42TnysNCUPdjciGhY=
golang.org/x/sys v0.0.0-20190215142949-d0b11bdaac8a/go.mod h1:STP8DvDyc/dI5b8T5hshtkjS+E42TnysNCUPdjciGhY=
golang.org/x/sys v0.0.0-20190403152447-81d4e9dc473e/go.mod h1:h1NjWce9XRLGQEsW7wpKNCjG9DtNlClVuFLEZdDNbEs=
golang.org/x/sys v0.0.0-20190412213103-97732733099d/go.mod h1:h1NjWce9XRLGQEsW7wpKNCjG9DtNlClVuFLEZdDNbEs=
golang.org/x/sys v0.0.0-20190523142557-0e01d883c5c5 h1:sM3evRHxE/1RuMe1FYAL3j7C7fUfIjkbE+NiDAYUF8U=
golang.org/x/sys v0.0.0-20190523142557-0e01d883c5c5/go.mod h1:h1NjWce9XRLGQEsW7wpKNCjG9DtNlClVuFLEZdDNbEs=
golang.org/x/text v0.3.0/go.mod h1:NqM8EUOU14njkJ3fqMW+pc6Ldnwhi/IjpwHt7yyuwOQ=
golang.org/x/text v0.3.2 h1:tW2bmiBqwgJj/UpqtC8EpXEZVYOwU0yG4iWbprSVAcs=
golang.org/x/text v0.3.2/go.mod h1:bEr9sfX3Q8Zfm5fL9x+3itogRgK3+ptLWKqgva+5dAk=
golang.org/x/time v0.0.0-20180412165947-fbb02b2291d2 h1:+DCIGbF/swA92ohVg0//6X2IVY3KZs6p9mix0ziNYJM=
golang.org/x/time v0.0.0-20180412165947-fbb02b2291d2/go.mod h1:tRJNPiyCQ0inRvYxbN9jk5I+vvW/OXSQhTDSoE431IQ=
golang.org/x/tools v0.0.0-20180917221912-90fa682c2a6e/go.mod h1:n7NCudcB/nEzxVGmLbDWY5pfWTLqBcC2KZ6jyYvM4mQ=
google.golang.org/appengine v1.5.0 h1:KxkO13IPW4Lslp2bz+KHP2E3gtFlrIGNThxkZQ3g+4c=
google.golang.org/appengine v1.5.0/go.mod h1:xpcJRLb0r/rnEns0DIKYYv+WjYCduHsrkT7/EB5XEv4=
google.golang.org/genproto v0.0.0-20180427144745-86e600f69ee4/go.mod h1:JiN7NxoALGmiZfu7CAH4rXhgtRTLTxftemlI0sWmxmc=
google.golang.org/genproto v0.0.0-20181004005441-af9cb2a35e7f h1:FU37niK8AQ59mHcskRyQL7H0ErSeNh650vdcj8HqdSI=
google.golang.org/genproto v0.0.0-20181004005441-af9cb2a35e7f/go.mod h1:JiN7NxoALGmiZfu7CAH4rXhgtRTLTxftemlI0sWmxmc=
google.golang.org/grpc v1.12.0 h1:Mm8atZtkT+P6R43n/dqNDWkPPu5BwRVu/1rJnJCeZH8=
google.golang.org/grpc v1.12.0/go.mod h1:yo6s7OP7yaDglbqo1J04qKzAhqBH6lvTonzMVmEdcZw=
gopkg.in/airbrake/gobrake.v2 v2.0.9 h1:7z2uVWwn7oVeeugY1DtlPAy5H+KYgB1KeKTnqjNatLo=
gopkg.in/airbrake/gobrake.v2 v2.0.9/go.mod h1:/h5ZAUhDkGaJfjzjKLSjv6zCL6O0LLBxU4K+aSYdM/U=
gopkg.in/check.v1 v0.0.0-20161208181325-20d25e280405/go.mod h1:Co6ibVJAznAaIkqp8huTwlJQCZ016jof/cbN4VW5Yz0=
gopkg.in/check.v1 v1.0.0-20180628173108-788fd7840127 h1:qIbj1fsPNlZgppZ+VLlY7N33q108Sa+fhmuc+sWQYwY=
gopkg.in/check.v1 v1.0.0-20180628173108-788fd7840127/go.mod h1:Co6ibVJAznAaIkqp8huTwlJQCZ016jof/cbN4VW5Yz0=
gopkg.in/fsnotify.v1 v1.4.7 h1:xOHLXZwVvI9hhs+cLKq5+I5onOuwQLhQwiu63xxlHs4=
gopkg.in/fsnotify.v1 v1.4.7/go.mod h1:Tz8NjZHkW78fSQdbUxIjBTcgA1z1m8ZHf0WmKUhAMys=
gopkg.in/gemnasium/logrus-airbrake-hook.v2 v2.1.2 h1:OAj3g0cR6Dx/R07QgQe8wkA9RNjB2u4i700xBkIT4e0=
gopkg.in/gemnasium/logrus-airbrake-hook.v2 v2.1.2/go.mod h1:Xk6kEKp8OKb+X14hQBKWaSkCsqBpgog8nAV2xsGOxlo=
gopkg.in/jcmturner/aescts.v1 v1.0.1 h1:cVVZBK2b1zY26haWB4vbBiZrfFQnfbTVrE3xZq6hrEw=
gopkg.in/jcmturner/aescts.v1 v1.0.1/go.mod h1:nsR8qBOg+OucoIW+WMhB3GspUQXq9XorLnQb9XtvcOo=
gopkg.in/jcmturner/dnsutils.v1 v1.0.1 h1:cIuC1OLRGZrld+16ZJvvZxVJeKPsvd5eUIvxfoN5hSM=
gopkg.in/jcmturner/dnsutils.v1 v1.0.1/go.mod h1:m3v+5svpVOhtFAP/wSz+yzh4Mc0Fg7eRhxkJMWSIz9Q=
gopkg.in/jcmturner/goidentity.v3 v3.0.0 h1:1duIyWiTaYvVx3YX2CYtpJbUFd7/UuPYCfgXtQ3VTbI=
gopkg.in/jcmturner/goidentity.v3 v3.0.0/go.mod h1:oG2kH0IvSYNIu80dVAyu/yoefjq1mNfM5bm88whjWx4=
gopkg.in/jcmturner/gokrb5.v7 v7.2.3 h1:hHMV/yKPwMnJhPuPx7pH2Uw/3Qyf+thJYlisUc44010=
gopkg.in/jcmturner/gokrb5.v7 v7.2.3/go.mod h1:l8VISx+WGYp+Fp7KRbsiUuXTTOnxIc3Tuvyavf11/WM=
gopkg.in/jcmturner/rpc.v1 v1.1.0 h1:QHIUxTX1ISuAv9dD2wJ9HWQVuWDX/Zc0PfeC2tjc4rU=
gopkg.in/jcmturner/rpc.v1 v1.1.0/go.mod h1:YIdkC4XfD6GXbzje11McwsDuOlZQSb9W4vfLvuNnlv8=
gopkg.in/natefinch/lumberjack.v2 v2.0.0-20161104145732-dd45e6a67c53/go.mod h1:l0ndWWf7gzL7RNwBG7wST/UCcT4T24xpD6X8LsfU/+k=
gopkg.in/natefinch/lumberjack.v2 v2.0.0 h1:1Lc07Kr7qY4U2YPouBjpCLxpiyxIVoxqXgkXLknAOE8=
gopkg.in/natefinch/lumberjack.v2 v2.0.0/go.mod h1:l0ndWWf7gzL7RNwBG7wST/UCcT4T24xpD6X8LsfU/+k=
gopkg.in/tomb.v1 v1.0.0-20141024135613-dd632973f1e7 h1:uRGJdciOHaEIrze2W8Q3AKkepLTh2hOroT7a+7czfdQ=
gopkg.in/tomb.v1 v1.0.0-20141024135613-dd632973f1e7/go.mod h1:dt/ZhP58zS4L8KSrWDmTeBkI65Dw0HsyUHuEVlX15mw=
gopkg.in/yaml.v2 v2.2.1 h1:mUhvW9EsL+naU5Q3cakzfE91YhliOondGd6ZrsDBHQE=
gopkg.in/yaml.v2 v2.2.1/go.mod h1:hI93XBmqTisBFMUTm0b8Fm+jr3Dg1NNxqwp+5A1VGuI=
gopkg.in/yaml.v2 v2.2.2 h1:ZCJp+EgiOT7lHqUV2J862kp8Qj64Jo6az82+3Td9dZw=
gopkg.in/yaml.v2 v2.2.2/go.mod h1:hI93XBmqTisBFMUTm0b8Fm+jr3Dg1NNxqwp+5A1VGuI=
