[root]
name = "kvproto"
version = "0.0.1"
dependencies = [
 "protobuf 1.0.23 (registry+https://github.com/rust-lang/crates.io-index)",
]

[[package]]
name = "protobuf"
version = "1.0.23"
source = "registry+https://github.com/rust-lang/crates.io-index"

[metadata]
"checksum protobuf 1.0.23 (registry+https://github.com/rust-lang/crates.io-index)" = "0cf9bb92f38828ff1e0a7f828a0ec261ffdd5c9ef86b9b3bc7b1eef13495b563"
